
Microsoft Visual Studio Solution File, Format Version 12.00
# Visual Studio Version 17
VisualStudioVersion = 17.8.34322.80
MinimumVisualStudioVersion = 10.0.40219.1
Project("{FAE04EC0-301F-11D3-BF4B-00C04F79EFBC}") = "WpfApp", "WpfApp\WpfApp.csproj", "{E98863F2-F990-4915-97B2-95629419CBBD}"
EndProject
Global
	GlobalSection(SolutionConfigurationPlatforms) = preSolution
		Debug|Any CPU = Debug|Any CPU
		Release|Any CPU = Release|Any CPU
	EndGlobalSection
	GlobalSection(ProjectConfigurationPlatforms) = postSolution
		{E98863F2-F990-4915-97B2-95629419CBBD}.Debug|Any CPU.ActiveCfg = Debug|Any CPU
		{E98863F2-F990-4915-97B2-95629419CBBD}.Debug|Any CPU.Build.0 = Debug|Any CPU
		{E98863F2-F990-4915-97B2-95629419CBBD}.Release|Any CPU.ActiveCfg = Release|Any CPU
		{E98863F2-F990-4915-97B2-95629419CBBD}.Release|Any CPU.Build.0 = Release|Any CPU
	EndGlobalSection
	GlobalSection(SolutionProperties) = preSolution
		HideSolutionNode = FALSE
	EndGlobalSection
	GlobalSection(ExtensibilityGlobals) = postSolution
		SolutionGuid = {66648B30-6B99-4FA9-B25A-018E00D52B41}
	EndGlobalSection
EndGlobal
